
Microsoft Visual Studio Solution File, Format Version 12.00
# Visual Studio 15
VisualStudioVersion = 15.0.28307.902
MinimumVisualStudioVersion = 10.0.40219.1
Project("{FAE04EC0-301F-11D3-BF4B-00C04F79EFBC}") = "ScheduleXamarin.Android", "ScheduleXamarin\ScheduleXamarin.Android\ScheduleXamarin.Android.csproj", "{1522A68E-2116-4FB8-9EE6-248A33A8F600}"
EndProject
Project("{FAE04EC0-301F-11D3-BF4B-00C04F79EFBC}") = "ScheduleXamarin.iOS", "ScheduleXamarin\ScheduleXamarin.iOS\ScheduleXamarin.iOS.csproj", "{92F48D15-5CD3-45D3-B126-14CD2B4B3280}"
EndProject
Project("{FAE04EC0-301F-11D3-BF4B-00C04F79EFBC}") = "ScheduleXamarin.UWP", "ScheduleXamarin\ScheduleXamarin.UWP\ScheduleXamarin.UWP.csproj", "{D3A8A5FE-5349-40A7-A539-8F661EC436BB}"
EndProject
Project("{FAE04EC0-301F-11D3-BF4B-00C04F79EFBC}") = "ScheduleXamarin", "ScheduleXamarin\ScheduleXamarin\ScheduleXamarin.csproj", "{AC246261-4141-4DBC-9CCA-71ECBF976CB3}"
EndProject
Global
	GlobalSection(SolutionConfigurationPlatforms) = preSolution
		Ad-Hoc|Any CPU = Ad-Hoc|Any CPU
		Ad-Hoc|ARM = Ad-Hoc|ARM
		Ad-Hoc|iPhone = Ad-Hoc|iPhone
		Ad-Hoc|iPhoneSimulator = Ad-Hoc|iPhoneSimulator
		Ad-Hoc|x64 = Ad-Hoc|x64
		Ad-Hoc|x86 = Ad-Hoc|x86
		AppStore|Any CPU = AppStore|Any CPU
		AppStore|ARM = AppStore|ARM
		AppStore|iPhone = AppStore|iPhone
		AppStore|iPhoneSimulator = AppStore|iPhoneSimulator
		AppStore|x64 = AppStore|x64
		AppStore|x86 = AppStore|x86
		Debug|Any CPU = Debug|Any CPU
		Debug|ARM = Debug|ARM
		Debug|iPhone = Debug|iPhone
		Debug|iPhoneSimulator = Debug|iPhoneSimulator
		Debug|x64 = Debug|x64
		Debug|x86 = Debug|x86
		Release|Any CPU = Release|Any CPU
		Release|ARM = Release|ARM
		Release|iPhone = Release|iPhone
		Release|iPhoneSimulator = Release|iPhoneSimulator
		Release|x64 = Release|x64
		Release|x86 = Release|x86
	EndGlobalSection
	GlobalSection(ProjectConfigurationPlatforms) = postSolution
		{1522A68E-2116-4FB8-9EE6-248A33A8F600}.Ad-Hoc|Any CPU.ActiveCfg = Release|Any CPU
		{1522A68E-2116-4FB8-9EE6-248A33A8F600}.Ad-Hoc|Any CPU.Build.0 = Release|Any CPU
		{1522A68E-2116-4FB8-9EE6-248A33A8F600}.Ad-Hoc|Any CPU.Deploy.0 = Release|Any CPU
		{1522A68E-2116-4FB8-9EE6-248A33A8F600}.Ad-Hoc|ARM.ActiveCfg = Release|Any CPU
		{1522A68E-2116-4FB8-9EE6-248A33A8F600}.Ad-Hoc|ARM.Build.0 = Release|Any CPU
		{1522A68E-2116-4FB8-9EE6-248A33A8F600}.Ad-Hoc|ARM.Deploy.0 = Release|Any CPU
		{1522A68E-2116-4FB8-9EE6-248A33A8F600}.Ad-Hoc|iPhone.ActiveCfg = Release|Any CPU
		{1522A68E-2116-4FB8-9EE6-248A33A8F600}.Ad-Hoc|iPhone.Build.0 = Release|Any CPU
		{1522A68E-2116-4FB8-9EE6-248A33A8F600}.Ad-Hoc|iPhone.Deploy.0 = Release|Any CPU
		{1522A68E-2116-4FB8-9EE6-248A33A8F600}.Ad-Hoc|iPhoneSimulator.ActiveCfg = Release|Any CPU
		{1522A68E-2116-4FB8-9EE6-248A33A8F600}.Ad-Hoc|iPhoneSimulator.Build.0 = Release|Any CPU
		{1522A68E-2116-4FB8-9EE6-248A33A8F600}.Ad-Hoc|iPhoneSimulator.Deploy.0 = Release|Any CPU
		{1522A68E-2116-4FB8-9EE6-248A33A8F600}.Ad-Hoc|x64.ActiveCfg = Release|Any CPU
		{1522A68E-2116-4FB8-9EE6-248A33A8F600}.Ad-Hoc|x64.Build.0 = Release|Any CPU
		{1522A68E-2116-4FB8-9EE6-248A33A8F600}.Ad-Hoc|x64.Deploy.0 = Release|Any CPU
		{1522A68E-2116-4FB8-9EE6-248A33A8F600}.Ad-Hoc|x86.ActiveCfg = Release|Any CPU
		{1522A68E-2116-4FB8-9EE6-248A33A8F600}.Ad-Hoc|x86.Build.0 = Release|Any CPU
		{1522A68E-2116-4FB8-9EE6-248A33A8F600}.Ad-Hoc|x86.Deploy.0 = Release|Any CPU
		{1522A68E-2116-4FB8-9EE6-248A33A8F600}.AppStore|Any CPU.ActiveCfg = Release|Any CPU
		{1522A68E-2116-4FB8-9EE6-248A33A8F600}.AppStore|Any CPU.Build.0 = Release|Any CPU
		{1522A68E-2116-4FB8-9EE6-248A33A8F600}.AppStore|Any CPU.Deploy.0 = Release|Any CPU
		{1522A68E-2116-4FB8-9EE6-248A33A8F600}.AppStore|ARM.ActiveCfg = Release|Any CPU
		{1522A68E-2116-4FB8-9EE6-248A33A8F600}.AppStore|ARM.Build.0 = Release|Any CPU
		{1522A68E-2116-4FB8-9EE6-248A33A8F600}.AppStore|ARM.Deploy.0 = Release|Any CPU
		{1522A68E-2116-4FB8-9EE6-248A33A8F600}.AppStore|iPhone.ActiveCfg = Release|Any CPU
		{1522A68E-2116-4FB8-9EE6-248A33A8F600}.AppStore|iPhone.Build.0 = Release|Any CPU
		{1522A68E-2116-4FB8-9EE6-248A33A8F600}.AppStore|iPhone.Deploy.0 = Release|Any CPU
		{1522A68E-2116-4FB8-9EE6-248A33A8F600}.AppStore|iPhoneSimulator.ActiveCfg = Release|Any CPU
		{1522A68E-2116-4FB8-9EE6-248A33A8F600}.AppStore|iPhoneSimulator.Build.0 = Release|Any CPU
		{1522A68E-2116-4FB8-9EE6-248A33A8F600}.AppStore|iPhoneSimulator.Deploy.0 = Release|Any CPU
		{1522A68E-2116-4FB8-9EE6-248A33A8F600}.AppStore|x64.ActiveCfg = Release|Any CPU
		{1522A68E-2116-4FB8-9EE6-248A33A8F600}.AppStore|x64.Build.0 = Release|Any CPU
		{1522A68E-2116-4FB8-9EE6-248A33A8F600}.AppStore|x64.Deploy.0 = Release|Any CPU
		{1522A68E-2116-4FB8-9EE6-248A33A8F600}.AppStore|x86.ActiveCfg = Release|Any CPU
		{1522A68E-2116-4FB8-9EE6-248A33A8F600}.AppStore|x86.Build.0 = Release|Any CPU
		{1522A68E-2116-4FB8-9EE6-248A33A8F600}.AppStore|x86.Deploy.0 = Release|Any CPU
		{1522A68E-2116-4FB8-9EE6-248A33A8F600}.Debug|Any CPU.ActiveCfg = Debug|Any CPU
		{1522A68E-2116-4FB8-9EE6-248A33A8F600}.Debug|Any CPU.Build.0 = Debug|Any CPU
		{1522A68E-2116-4FB8-9EE6-248A33A8F600}.Debug|Any CPU.Deploy.0 = Debug|Any CPU
		{1522A68E-2116-4FB8-9EE6-248A33A8F600}.Debug|ARM.ActiveCfg = Debug|Any CPU
		{1522A68E-2116-4FB8-9EE6-248A33A8F600}.Debug|ARM.Build.0 = Debug|Any CPU
		{1522A68E-2116-4FB8-9EE6-248A33A8F600}.Debug|ARM.Deploy.0 = Debug|Any CPU
		{1522A68E-2116-4FB8-9EE6-248A33A8F600}.Debug|iPhone.ActiveCfg = Debug|Any CPU
		{1522A68E-2116-4FB8-9EE6-248A33A8F600}.Debug|iPhone.Build.0 = Debug|Any CPU
		{1522A68E-2116-4FB8-9EE6-248A33A8F600}.Debug|iPhone.Deploy.0 = Debug|Any CPU
		{1522A68E-2116-4FB8-9EE6-248A33A8F600}.Debug|iPhoneSimulator.ActiveCfg = Debug|Any CPU
		{1522A68E-2116-4FB8-9EE6-248A33A8F600}.Debug|iPhoneSimulator.Build.0 = Debug|Any CPU
		{1522A68E-2116-4FB8-9EE6-248A33A8F600}.Debug|iPhoneSimulator.Deploy.0 = Debug|Any CPU
		{1522A68E-2116-4FB8-9EE6-248A33A8F600}.Debug|x64.ActiveCfg = Debug|Any CPU
		{1522A68E-2116-4FB8-9EE6-248A33A8F600}.Debug|x64.Build.0 = Debug|Any CPU
		{1522A68E-2116-4FB8-9EE6-248A33A8F600}.Debug|x64.Deploy.0 = Debug|Any CPU
		{1522A68E-2116-4FB8-9EE6-248A33A8F600}.Debug|x86.ActiveCfg = Debug|Any CPU
		{1522A68E-2116-4FB8-9EE6-248A33A8F600}.Debug|x86.Build.0 = Debug|Any CPU
		{1522A68E-2116-4FB8-9EE6-248A33A8F600}.Debug|x86.Deploy.0 = Debug|Any CPU
		{1522A68E-2116-4FB8-9EE6-248A33A8F600}.Release|Any CPU.ActiveCfg = Release|Any CPU
		{1522A68E-2116-4FB8-9EE6-248A33A8F600}.Release|Any CPU.Build.0 = Release|Any CPU
		{1522A68E-2116-4FB8-9EE6-248A33A8F600}.Release|Any CPU.Deploy.0 = Release|Any CPU
		{1522A68E-2116-4FB8-9EE6-248A33A8F600}.Release|ARM.ActiveCfg = Release|Any CPU
		{1522A68E-2116-4FB8-9EE6-248A33A8F600}.Release|ARM.Build.0 = Release|Any CPU
		{1522A68E-2116-4FB8-9EE6-248A33A8F600}.Release|ARM.Deploy.0 = Release|Any CPU
		{1522A68E-2116-4FB8-9EE6-248A33A8F600}.Release|iPhone.ActiveCfg = Release|Any CPU
		{1522A68E-2116-4FB8-9EE6-248A33A8F600}.Release|iPhone.Build.0 = Release|Any CPU
		{1522A68E-2116-4FB8-9EE6-248A33A8F600}.Release|iPhone.Deploy.0 = Release|Any CPU
		{1522A68E-2116-4FB8-9EE6-248A33A8F600}.Release|iPhoneSimulator.ActiveCfg = Release|Any CPU
		{1522A68E-2116-4FB8-9EE6-248A33A8F600}.Release|iPhoneSimulator.Build.0 = Release|Any CPU
		{1522A68E-2116-4FB8-9EE6-248A33A8F600}.Release|iPhoneSimulator.Deploy.0 = Release|Any CPU
		{1522A68E-2116-4FB8-9EE6-248A33A8F600}.Release|x64.ActiveCfg = Release|Any CPU
		{1522A68E-2116-4FB8-9EE6-248A33A8F600}.Release|x64.Build.0 = Release|Any CPU
		{1522A68E-2116-4FB8-9EE6-248A33A8F600}.Release|x64.Deploy.0 = Release|Any CPU
		{1522A68E-2116-4FB8-9EE6-248A33A8F600}.Release|x86.ActiveCfg = Release|Any CPU
		{1522A68E-2116-4FB8-9EE6-248A33A8F600}.Release|x86.Build.0 = Release|Any CPU
		{1522A68E-2116-4FB8-9EE6-248A33A8F600}.Release|x86.Deploy.0 = Release|Any CPU
		{92F48D15-5CD3-45D3-B126-14CD2B4B3280}.Ad-Hoc|Any CPU.ActiveCfg = Ad-Hoc|iPhone
		{92F48D15-5CD3-45D3-B126-14CD2B4B3280}.Ad-Hoc|Any CPU.Build.0 = Ad-Hoc|iPhone
		{92F48D15-5CD3-45D3-B126-14CD2B4B3280}.Ad-Hoc|Any CPU.Deploy.0 = Ad-Hoc|iPhone
		{92F48D15-5CD3-45D3-B126-14CD2B4B3280}.Ad-Hoc|ARM.ActiveCfg = Ad-Hoc|iPhone
		{92F48D15-5CD3-45D3-B126-14CD2B4B3280}.Ad-Hoc|ARM.Build.0 = Ad-Hoc|iPhone
		{92F48D15-5CD3-45D3-B126-14CD2B4B3280}.Ad-Hoc|ARM.Deploy.0 = Ad-Hoc|iPhone
		{92F48D15-5CD3-45D3-B126-14CD2B4B3280}.Ad-Hoc|iPhone.ActiveCfg = Ad-Hoc|iPhone
		{92F48D15-5CD3-45D3-B126-14CD2B4B3280}.Ad-Hoc|iPhone.Build.0 = Ad-Hoc|iPhone
		{92F48D15-5CD3-45D3-B126-14CD2B4B3280}.Ad-Hoc|iPhone.Deploy.0 = Ad-Hoc|iPhone
		{92F48D15-5CD3-45D3-B126-14CD2B4B3280}.Ad-Hoc|iPhoneSimulator.ActiveCfg = Ad-Hoc|iPhoneSimulator
		{92F48D15-5CD3-45D3-B126-14CD2B4B3280}.Ad-Hoc|iPhoneSimulator.Build.0 = Ad-Hoc|iPhoneSimulator
		{92F48D15-5CD3-45D3-B126-14CD2B4B3280}.Ad-Hoc|iPhoneSimulator.Deploy.0 = Ad-Hoc|iPhoneSimulator
		{92F48D15-5CD3-45D3-B126-14CD2B4B3280}.Ad-Hoc|x64.ActiveCfg = Ad-Hoc|iPhone
		{92F48D15-5CD3-45D3-B126-14CD2B4B3280}.Ad-Hoc|x64.Build.0 = Ad-Hoc|iPhone
		{92F48D15-5CD3-45D3-B126-14CD2B4B3280}.Ad-Hoc|x64.Deploy.0 = Ad-Hoc|iPhone
		{92F48D15-5CD3-45D3-B126-14CD2B4B3280}.Ad-Hoc|x86.ActiveCfg = Ad-Hoc|iPhone
		{92F48D15-5CD3-45D3-B126-14CD2B4B3280}.Ad-Hoc|x86.Build.0 = Ad-Hoc|iPhone
		{92F48D15-5CD3-45D3-B126-14CD2B4B3280}.Ad-Hoc|x86.Deploy.0 = Ad-Hoc|iPhone
		{92F48D15-5CD3-45D3-B126-14CD2B4B3280}.AppStore|Any CPU.ActiveCfg = AppStore|iPhone
		{92F48D15-5CD3-45D3-B126-14CD2B4B3280}.AppStore|Any CPU.Build.0 = AppStore|iPhone
		{92F48D15-5CD3-45D3-B126-14CD2B4B3280}.AppStore|Any CPU.Deploy.0 = AppStore|iPhone
		{92F48D15-5CD3-45D3-B126-14CD2B4B3280}.AppStore|ARM.ActiveCfg = AppStore|iPhone
		{92F48D15-5CD3-45D3-B126-14CD2B4B3280}.AppStore|ARM.Build.0 = AppStore|iPhone
		{92F48D15-5CD3-45D3-B126-14CD2B4B3280}.AppStore|ARM.Deploy.0 = AppStore|iPhone
		{92F48D15-5CD3-45D3-B126-14CD2B4B3280}.AppStore|iPhone.ActiveCfg = AppStore|iPhone
		{92F48D15-5CD3-45D3-B126-14CD2B4B3280}.AppStore|iPhone.Build.0 = AppStore|iPhone
		{92F48D15-5CD3-45D3-B126-14CD2B4B3280}.AppStore|iPhone.Deploy.0 = AppStore|iPhone
		{92F48D15-5CD3-45D3-B126-14CD2B4B3280}.AppStore|iPhoneSimulator.ActiveCfg = AppStore|iPhoneSimulator
		{92F48D15-5CD3-45D3-B126-14CD2B4B3280}.AppStore|iPhoneSimulator.Build.0 = AppStore|iPhoneSimulator
		{92F48D15-5CD3-45D3-B126-14CD2B4B3280}.AppStore|iPhoneSimulator.Deploy.0 = AppStore|iPhoneSimulator
		{92F48D15-5CD3-45D3-B126-14CD2B4B3280}.AppStore|x64.ActiveCfg = AppStore|iPhone
		{92F48D15-5CD3-45D3-B126-14CD2B4B3280}.AppStore|x64.Build.0 = AppStore|iPhone
		{92F48D15-5CD3-45D3-B126-14CD2B4B3280}.AppStore|x64.Deploy.0 = AppStore|iPhone
		{92F48D15-5CD3-45D3-B126-14CD2B4B3280}.AppStore|x86.ActiveCfg = AppStore|iPhone
		{92F48D15-5CD3-45D3-B126-14CD2B4B3280}.AppStore|x86.Build.0 = AppStore|iPhone
		{92F48D15-5CD3-45D3-B126-14CD2B4B3280}.AppStore|x86.Deploy.0 = AppStore|iPhone
		{92F48D15-5CD3-45D3-B126-14CD2B4B3280}.Debug|Any CPU.ActiveCfg = Debug|iPhoneSimulator
		{92F48D15-5CD3-45D3-B126-14CD2B4B3280}.Debug|Any CPU.Build.0 = Debug|iPhoneSimulator
		{92F48D15-5CD3-45D3-B126-14CD2B4B3280}.Debug|Any CPU.Deploy.0 = Debug|iPhoneSimulator
		{92F48D15-5CD3-45D3-B126-14CD2B4B3280}.Debug|ARM.ActiveCfg = Debug|iPhone
		{92F48D15-5CD3-45D3-B126-14CD2B4B3280}.Debug|ARM.Build.0 = Debug|iPhone
		{92F48D15-5CD3-45D3-B126-14CD2B4B3280}.Debug|ARM.Deploy.0 = Debug|iPhone
		{92F48D15-5CD3-45D3-B126-14CD2B4B3280}.Debug|iPhone.ActiveCfg = Debug|iPhone
		{92F48D15-5CD3-45D3-B126-14CD2B4B3280}.Debug|iPhone.Build.0 = Debug|iPhone
		{92F48D15-5CD3-45D3-B126-14CD2B4B3280}.Debug|iPhone.Deploy.0 = Debug|iPhone
		{92F48D15-5CD3-45D3-B126-14CD2B4B3280}.Debug|iPhoneSimulator.ActiveCfg = Debug|iPhoneSimulator
		{92F48D15-5CD3-45D3-B126-14CD2B4B3280}.Debug|iPhoneSimulator.Build.0 = Debug|iPhoneSimulator
		{92F48D15-5CD3-45D3-B126-14CD2B4B3280}.Debug|iPhoneSimulator.Deploy.0 = Debug|iPhoneSimulator
		{92F48D15-5CD3-45D3-B126-14CD2B4B3280}.Debug|x64.ActiveCfg = Debug|iPhone
		{92F48D15-5CD3-45D3-B126-14CD2B4B3280}.Debug|x64.Build.0 = Debug|iPhone
		{92F48D15-5CD3-45D3-B126-14CD2B4B3280}.Debug|x64.Deploy.0 = Debug|iPhone
		{92F48D15-5CD3-45D3-B126-14CD2B4B3280}.Debug|x86.ActiveCfg = Debug|iPhone
		{92F48D15-5CD3-45D3-B126-14CD2B4B3280}.Debug|x86.Build.0 = Debug|iPhone
		{92F48D15-5CD3-45D3-B126-14CD2B4B3280}.Debug|x86.Deploy.0 = Debug|iPhone
		{92F48D15-5CD3-45D3-B126-14CD2B4B3280}.Release|Any CPU.ActiveCfg = Release|iPhone
		{92F48D15-5CD3-45D3-B126-14CD2B4B3280}.Release|Any CPU.Build.0 = Release|iPhone
		{92F48D15-5CD3-45D3-B126-14CD2B4B3280}.Release|Any CPU.Deploy.0 = Release|iPhone
		{92F48D15-5CD3-45D3-B126-14CD2B4B3280}.Release|ARM.ActiveCfg = Release|iPhone
		{92F48D15-5CD3-45D3-B126-14CD2B4B3280}.Release|ARM.Build.0 = Release|iPhone
		{92F48D15-5CD3-45D3-B126-14CD2B4B3280}.Release|ARM.Deploy.0 = Release|iPhone
		{92F48D15-5CD3-45D3-B126-14CD2B4B3280}.Release|iPhone.ActiveCfg = Release|iPhone
		{92F48D15-5CD3-45D3-B126-14CD2B4B3280}.Release|iPhone.Build.0 = Release|iPhone
		{92F48D15-5CD3-45D3-B126-14CD2B4B3280}.Release|iPhone.Deploy.0 = Release|iPhone
		{92F48D15-5CD3-45D3-B126-14CD2B4B3280}.Release|iPhoneSimulator.ActiveCfg = Release|iPhoneSimulator
		{92F48D15-5CD3-45D3-B126-14CD2B4B3280}.Release|iPhoneSimulator.Build.0 = Release|iPhoneSimulator
		{92F48D15-5CD3-45D3-B126-14CD2B4B3280}.Release|iPhoneSimulator.Deploy.0 = Release|iPhoneSimulator
		{92F48D15-5CD3-45D3-B126-14CD2B4B3280}.Release|x64.ActiveCfg = Release|iPhone
		{92F48D15-5CD3-45D3-B126-14CD2B4B3280}.Release|x64.Build.0 = Release|iPhone
		{92F48D15-5CD3-45D3-B126-14CD2B4B3280}.Release|x64.Deploy.0 = Release|iPhone
		{92F48D15-5CD3-45D3-B126-14CD2B4B3280}.Release|x86.ActiveCfg = Release|iPhone
		{92F48D15-5CD3-45D3-B126-14CD2B4B3280}.Release|x86.Build.0 = Release|iPhone
		{92F48D15-5CD3-45D3-B126-14CD2B4B3280}.Release|x86.Deploy.0 = Release|iPhone
		{D3A8A5FE-5349-40A7-A539-8F661EC436BB}.Ad-Hoc|Any CPU.ActiveCfg = Release|x86
		{D3A8A5FE-5349-40A7-A539-8F661EC436BB}.Ad-Hoc|Any CPU.Build.0 = Release|x86
		{D3A8A5FE-5349-40A7-A539-8F661EC436BB}.Ad-Hoc|Any CPU.Deploy.0 = Release|x86
		{D3A8A5FE-5349-40A7-A539-8F661EC436BB}.Ad-Hoc|ARM.ActiveCfg = Release|ARM
		{D3A8A5FE-5349-40A7-A539-8F661EC436BB}.Ad-Hoc|ARM.Build.0 = Release|ARM
		{D3A8A5FE-5349-40A7-A539-8F661EC436BB}.Ad-Hoc|ARM.Deploy.0 = Release|ARM
		{D3A8A5FE-5349-40A7-A539-8F661EC436BB}.Ad-Hoc|iPhone.ActiveCfg = Release|x86
		{D3A8A5FE-5349-40A7-A539-8F661EC436BB}.Ad-Hoc|iPhone.Build.0 = Release|x86
		{D3A8A5FE-5349-40A7-A539-8F661EC436BB}.Ad-Hoc|iPhone.Deploy.0 = Release|x86
		{D3A8A5FE-5349-40A7-A539-8F661EC436BB}.Ad-Hoc|iPhoneSimulator.ActiveCfg = Release|x86
		{D3A8A5FE-5349-40A7-A539-8F661EC436BB}.Ad-Hoc|iPhoneSimulator.Build.0 = Release|x86
		{D3A8A5FE-5349-40A7-A539-8F661EC436BB}.Ad-Hoc|iPhoneSimulator.Deploy.0 = Release|x86
		{D3A8A5FE-5349-40A7-A539-8F661EC436BB}.Ad-Hoc|x64.ActiveCfg = Release|x64
		{D3A8A5FE-5349-40A7-A539-8F661EC436BB}.Ad-Hoc|x64.Build.0 = Release|x64
		{D3A8A5FE-5349-40A7-A539-8F661EC436BB}.Ad-Hoc|x64.Deploy.0 = Release|x64
		{D3A8A5FE-5349-40A7-A539-8F661EC436BB}.Ad-Hoc|x86.ActiveCfg = Release|x86
		{D3A8A5FE-5349-40A7-A539-8F661EC436BB}.Ad-Hoc|x86.Build.0 = Release|x86
		{D3A8A5FE-5349-40A7-A539-8F661EC436BB}.Ad-Hoc|x86.Deploy.0 = Release|x86
		{D3A8A5FE-5349-40A7-A539-8F661EC436BB}.AppStore|Any CPU.ActiveCfg = Release|x86
		{D3A8A5FE-5349-40A7-A539-8F661EC436BB}.AppStore|Any CPU.Build.0 = Release|x86
		{D3A8A5FE-5349-40A7-A539-8F661EC436BB}.AppStore|Any CPU.Deploy.0 = Release|x86
		{D3A8A5FE-5349-40A7-A539-8F661EC436BB}.AppStore|ARM.ActiveCfg = Release|ARM
		{D3A8A5FE-5349-40A7-A539-8F661EC436BB}.AppStore|ARM.Build.0 = Release|ARM
		{D3A8A5FE-5349-40A7-A539-8F661EC436BB}.AppStore|ARM.Deploy.0 = Release|ARM
		{D3A8A5FE-5349-40A7-A539-8F661EC436BB}.AppStore|iPhone.ActiveCfg = Release|x86
		{D3A8A5FE-5349-40A7-A539-8F661EC436BB}.AppStore|iPhone.Build.0 = Release|x86
		{D3A8A5FE-5349-40A7-A539-8F661EC436BB}.AppStore|iPhone.Deploy.0 = Release|x86
		{D3A8A5FE-5349-40A7-A539-8F661EC436BB}.AppStore|iPhoneSimulator.ActiveCfg = Release|x86
		{D3A8A5FE-5349-40A7-A539-8F661EC436BB}.AppStore|iPhoneSimulator.Build.0 = Release|x86
		{D3A8A5FE-5349-40A7-A539-8F661EC436BB}.AppStore|iPhoneSimulator.Deploy.0 = Release|x86
		{D3A8A5FE-5349-40A7-A539-8F661EC436BB}.AppStore|x64.ActiveCfg = Release|x64
		{D3A8A5FE-5349-40A7-A539-8F661EC436BB}.AppStore|x64.Build.0 = Release|x64
		{D3A8A5FE-5349-40A7-A539-8F661EC436BB}.AppStore|x64.Deploy.0 = Release|x64
		{D3A8A5FE-5349-40A7-A539-8F661EC436BB}.AppStore|x86.ActiveCfg = Release|x86
		{D3A8A5FE-5349-40A7-A539-8F661EC436BB}.AppStore|x86.Build.0 = Release|x86
		{D3A8A5FE-5349-40A7-A539-8F661EC436BB}.AppStore|x86.Deploy.0 = Release|x86
		{D3A8A5FE-5349-40A7-A539-8F661EC436BB}.Debug|Any CPU.ActiveCfg = Debug|x86
		{D3A8A5FE-5349-40A7-A539-8F661EC436BB}.Debug|Any CPU.Build.0 = Debug|x86
		{D3A8A5FE-5349-40A7-A539-8F661EC436BB}.Debug|Any CPU.Deploy.0 = Debug|x86
		{D3A8A5FE-5349-40A7-A539-8F661EC436BB}.Debug|ARM.ActiveCfg = Debug|ARM
		{D3A8A5FE-5349-40A7-A539-8F661EC436BB}.Debug|ARM.Build.0 = Debug|ARM
		{D3A8A5FE-5349-40A7-A539-8F661EC436BB}.Debug|ARM.Deploy.0 = Debug|ARM
		{D3A8A5FE-5349-40A7-A539-8F661EC436BB}.Debug|iPhone.ActiveCfg = Debug|x86
		{D3A8A5FE-5349-40A7-A539-8F661EC436BB}.Debug|iPhone.Build.0 = Debug|x86
		{D3A8A5FE-5349-40A7-A539-8F661EC436BB}.Debug|iPhone.Deploy.0 = Debug|x86
		{D3A8A5FE-5349-40A7-A539-8F661EC436BB}.Debug|iPhoneSimulator.ActiveCfg = Debug|x86
		{D3A8A5FE-5349-40A7-A539-8F661EC436BB}.Debug|iPhoneSimulator.Build.0 = Debug|x86
		{D3A8A5FE-5349-40A7-A539-8F661EC436BB}.Debug|iPhoneSimulator.Deploy.0 = Debug|x86
		{D3A8A5FE-5349-40A7-A539-8F661EC436BB}.Debug|x64.ActiveCfg = Debug|x64
		{D3A8A5FE-5349-40A7-A539-8F661EC436BB}.Debug|x64.Build.0 = Debug|x64
		{D3A8A5FE-5349-40A7-A539-8F661EC436BB}.Debug|x64.Deploy.0 = Debug|x64
		{D3A8A5FE-5349-40A7-A539-8F661EC436BB}.Debug|x86.ActiveCfg = Debug|x86
		{D3A8A5FE-5349-40A7-A539-8F661EC436BB}.Debug|x86.Build.0 = Debug|x86
		{D3A8A5FE-5349-40A7-A539-8F661EC436BB}.Debug|x86.Deploy.0 = Debug|x86
		{D3A8A5FE-5349-40A7-A539-8F661EC436BB}.Release|Any CPU.ActiveCfg = Release|x86
		{D3A8A5FE-5349-40A7-A539-8F661EC436BB}.Release|Any CPU.Build.0 = Release|x86
		{D3A8A5FE-5349-40A7-A539-8F661EC436BB}.Release|Any CPU.Deploy.0 = Release|x86
		{D3A8A5FE-5349-40A7-A539-8F661EC436BB}.Release|ARM.ActiveCfg = Release|ARM
		{D3A8A5FE-5349-40A7-A539-8F661EC436BB}.Release|ARM.Build.0 = Release|ARM
		{D3A8A5FE-5349-40A7-A539-8F661EC436BB}.Release|ARM.Deploy.0 = Release|ARM
		{D3A8A5FE-5349-40A7-A539-8F661EC436BB}.Release|iPhone.ActiveCfg = Release|x86
		{D3A8A5FE-5349-40A7-A539-8F661EC436BB}.Release|iPhone.Build.0 = Release|x86
		{D3A8A5FE-5349-40A7-A539-8F661EC436BB}.Release|iPhone.Deploy.0 = Release|x86
		{D3A8A5FE-5349-40A7-A539-8F661EC436BB}.Release|iPhoneSimulator.ActiveCfg = Release|x86
		{D3A8A5FE-5349-40A7-A539-8F661EC436BB}.Release|iPhoneSimulator.Build.0 = Release|x86
		{D3A8A5FE-5349-40A7-A539-8F661EC436BB}.Release|iPhoneSimulator.Deploy.0 = Release|x86
		{D3A8A5FE-5349-40A7-A539-8F661EC436BB}.Release|x64.ActiveCfg = Release|x64
		{D3A8A5FE-5349-40A7-A539-8F661EC436BB}.Release|x64.Build.0 = Release|x64
		{D3A8A5FE-5349-40A7-A539-8F661EC436BB}.Release|x64.Deploy.0 = Release|x64
		{D3A8A5FE-5349-40A7-A539-8F661EC436BB}.Release|x86.ActiveCfg = Release|x86
		{D3A8A5FE-5349-40A7-A539-8F661EC436BB}.Release|x86.Build.0 = Release|x86
		{D3A8A5FE-5349-40A7-A539-8F661EC436BB}.Release|x86.Deploy.0 = Release|x86
		{AC246261-4141-4DBC-9CCA-71ECBF976CB3}.Ad-Hoc|Any CPU.ActiveCfg = Debug|Any CPU
		{AC246261-4141-4DBC-9CCA-71ECBF976CB3}.Ad-Hoc|Any CPU.Build.0 = Debug|Any CPU
		{AC246261-4141-4DBC-9CCA-71ECBF976CB3}.Ad-Hoc|Any CPU.Deploy.0 = Debug|Any CPU
		{AC246261-4141-4DBC-9CCA-71ECBF976CB3}.Ad-Hoc|ARM.ActiveCfg = Debug|Any CPU
		{AC246261-4141-4DBC-9CCA-71ECBF976CB3}.Ad-Hoc|ARM.Build.0 = Debug|Any CPU
		{AC246261-4141-4DBC-9CCA-71ECBF976CB3}.Ad-Hoc|ARM.Deploy.0 = Debug|Any CPU
		{AC246261-4141-4DBC-9CCA-71ECBF976CB3}.Ad-Hoc|iPhone.ActiveCfg = Debug|Any CPU
		{AC246261-4141-4DBC-9CCA-71ECBF976CB3}.Ad-Hoc|iPhone.Build.0 = Debug|Any CPU
		{AC246261-4141-4DBC-9CCA-71ECBF976CB3}.Ad-Hoc|iPhone.Deploy.0 = Debug|Any CPU
		{AC246261-4141-4DBC-9CCA-71ECBF976CB3}.Ad-Hoc|iPhoneSimulator.ActiveCfg = Debug|Any CPU
		{AC246261-4141-4DBC-9CCA-71ECBF976CB3}.Ad-Hoc|iPhoneSimulator.Build.0 = Debug|Any CPU
		{AC246261-4141-4DBC-9CCA-71ECBF976CB3}.Ad-Hoc|iPhoneSimulator.Deploy.0 = Debug|Any CPU
		{AC246261-4141-4DBC-9CCA-71ECBF976CB3}.Ad-Hoc|x64.ActiveCfg = Debug|Any CPU
		{AC246261-4141-4DBC-9CCA-71ECBF976CB3}.Ad-Hoc|x64.Build.0 = Debug|Any CPU
		{AC246261-4141-4DBC-9CCA-71ECBF976CB3}.Ad-Hoc|x64.Deploy.0 = Debug|Any CPU
		{AC246261-4141-4DBC-9CCA-71ECBF976CB3}.Ad-Hoc|x86.ActiveCfg = Debug|Any CPU
		{AC246261-4141-4DBC-9CCA-71ECBF976CB3}.Ad-Hoc|x86.Build.0 = Debug|Any CPU
		{AC246261-4141-4DBC-9CCA-71ECBF976CB3}.Ad-Hoc|x86.Deploy.0 = Debug|Any CPU
		{AC246261-4141-4DBC-9CCA-71ECBF976CB3}.AppStore|Any CPU.ActiveCfg = Debug|Any CPU
		{AC246261-4141-4DBC-9CCA-71ECBF976CB3}.AppStore|Any CPU.Build.0 = Debug|Any CPU
		{AC246261-4141-4DBC-9CCA-71ECBF976CB3}.AppStore|Any CPU.Deploy.0 = Debug|Any CPU
		{AC246261-4141-4DBC-9CCA-71ECBF976CB3}.AppStore|ARM.ActiveCfg = Debug|Any CPU
		{AC246261-4141-4DBC-9CCA-71ECBF976CB3}.AppStore|ARM.Build.0 = Debug|Any CPU
		{AC246261-4141-4DBC-9CCA-71ECBF976CB3}.AppStore|ARM.Deploy.0 = Debug|Any CPU
		{AC246261-4141-4DBC-9CCA-71ECBF976CB3}.AppStore|iPhone.ActiveCfg = Debug|Any CPU
		{AC246261-4141-4DBC-9CCA-71ECBF976CB3}.AppStore|iPhone.Build.0 = Debug|Any CPU
		{AC246261-4141-4DBC-9CCA-71ECBF976CB3}.AppStore|iPhone.Deploy.0 = Debug|Any CPU
		{AC246261-4141-4DBC-9CCA-71ECBF976CB3}.AppStore|iPhoneSimulator.ActiveCfg = Debug|Any CPU
		{AC246261-4141-4DBC-9CCA-71ECBF976CB3}.AppStore|iPhoneSimulator.Build.0 = Debug|Any CPU
		{AC246261-4141-4DBC-9CCA-71ECBF976CB3}.AppStore|iPhoneSimulator.Deploy.0 = Debug|Any CPU
		{AC246261-4141-4DBC-9CCA-71ECBF976CB3}.AppStore|x64.ActiveCfg = Debug|Any CPU
		{AC246261-4141-4DBC-9CCA-71ECBF976CB3}.AppStore|x64.Build.0 = Debug|Any CPU
		{AC246261-4141-4DBC-9CCA-71ECBF976CB3}.AppStore|x64.Deploy.0 = Debug|Any CPU
		{AC246261-4141-4DBC-9CCA-71ECBF976CB3}.AppStore|x86.ActiveCfg = Debug|Any CPU
		{AC246261-4141-4DBC-9CCA-71ECBF976CB3}.AppStore|x86.Build.0 = Debug|Any CPU
		{AC246261-4141-4DBC-9CCA-71ECBF976CB3}.AppStore|x86.Deploy.0 = Debug|Any CPU
		{AC246261-4141-4DBC-9CCA-71ECBF976CB3}.Debug|Any CPU.ActiveCfg = Debug|Any CPU
		{AC246261-4141-4DBC-9CCA-71ECBF976CB3}.Debug|Any CPU.Build.0 = Debug|Any CPU
		{AC246261-4141-4DBC-9CCA-71ECBF976CB3}.Debug|Any CPU.Deploy.0 = Debug|Any CPU
		{AC246261-4141-4DBC-9CCA-71ECBF976CB3}.Debug|ARM.ActiveCfg = Debug|Any CPU
		{AC246261-4141-4DBC-9CCA-71ECBF976CB3}.Debug|ARM.Build.0 = Debug|Any CPU
		{AC246261-4141-4DBC-9CCA-71ECBF976CB3}.Debug|ARM.Deploy.0 = Debug|Any CPU
		{AC246261-4141-4DBC-9CCA-71ECBF976CB3}.Debug|iPhone.ActiveCfg = Debug|Any CPU
		{AC246261-4141-4DBC-9CCA-71ECBF976CB3}.Debug|iPhone.Build.0 = Debug|Any CPU
		{AC246261-4141-4DBC-9CCA-71ECBF976CB3}.Debug|iPhone.Deploy.0 = Debug|Any CPU
		{AC246261-4141-4DBC-9CCA-71ECBF976CB3}.Debug|iPhoneSimulator.ActiveCfg = Debug|Any CPU
		{AC246261-4141-4DBC-9CCA-71ECBF976CB3}.Debug|iPhoneSimulator.Build.0 = Debug|Any CPU
		{AC246261-4141-4DBC-9CCA-71ECBF976CB3}.Debug|iPhoneSimulator.Deploy.0 = Debug|Any CPU
		{AC246261-4141-4DBC-9CCA-71ECBF976CB3}.Debug|x64.ActiveCfg = Debug|Any CPU
		{AC246261-4141-4DBC-9CCA-71ECBF976CB3}.Debug|x64.Build.0 = Debug|Any CPU
		{AC246261-4141-4DBC-9CCA-71ECBF976CB3}.Debug|x64.Deploy.0 = Debug|Any CPU
		{AC246261-4141-4DBC-9CCA-71ECBF976CB3}.Debug|x86.ActiveCfg = Debug|Any CPU
		{AC246261-4141-4DBC-9CCA-71ECBF976CB3}.Debug|x86.Build.0 = Debug|Any CPU
		{AC246261-4141-4DBC-9CCA-71ECBF976CB3}.Debug|x86.Deploy.0 = Debug|Any CPU
		{AC246261-4141-4DBC-9CCA-71ECBF976CB3}.Release|Any CPU.ActiveCfg = Release|Any CPU
		{AC246261-4141-4DBC-9CCA-71ECBF976CB3}.Release|Any CPU.Build.0 = Release|Any CPU
		{AC246261-4141-4DBC-9CCA-71ECBF976CB3}.Release|Any CPU.Deploy.0 = Release|Any CPU
		{AC246261-4141-4DBC-9CCA-71ECBF976CB3}.Release|ARM.ActiveCfg = Release|Any CPU
		{AC246261-4141-4DBC-9CCA-71ECBF976CB3}.Release|ARM.Build.0 = Release|Any CPU
		{AC246261-4141-4DBC-9CCA-71ECBF976CB3}.Release|ARM.Deploy.0 = Release|Any CPU
		{AC246261-4141-4DBC-9CCA-71ECBF976CB3}.Release|iPhone.ActiveCfg = Release|Any CPU
		{AC246261-4141-4DBC-9CCA-71ECBF976CB3}.Release|iPhone.Build.0 = Release|Any CPU
		{AC246261-4141-4DBC-9CCA-71ECBF976CB3}.Release|iPhone.Deploy.0 = Release|Any CPU
		{AC246261-4141-4DBC-9CCA-71ECBF976CB3}.Release|iPhoneSimulator.ActiveCfg = Release|Any CPU
		{AC246261-4141-4DBC-9CCA-71ECBF976CB3}.Release|iPhoneSimulator.Build.0 = Release|Any CPU
		{AC246261-4141-4DBC-9CCA-71ECBF976CB3}.Release|iPhoneSimulator.Deploy.0 = Release|Any CPU
		{AC246261-4141-4DBC-9CCA-71ECBF976CB3}.Release|x64.ActiveCfg = Release|Any CPU
		{AC246261-4141-4DBC-9CCA-71ECBF976CB3}.Release|x64.Build.0 = Release|Any CPU
		{AC246261-4141-4DBC-9CCA-71ECBF976CB3}.Release|x64.Deploy.0 = Release|Any CPU
		{AC246261-4141-4DBC-9CCA-71ECBF976CB3}.Release|x86.ActiveCfg = Release|Any CPU
		{AC246261-4141-4DBC-9CCA-71ECBF976CB3}.Release|x86.Build.0 = Release|Any CPU
		{AC246261-4141-4DBC-9CCA-71ECBF976CB3}.Release|x86.Deploy.0 = Release|Any CPU
	EndGlobalSection
	GlobalSection(SolutionProperties) = preSolution
		HideSolutionNode = FALSE
	EndGlobalSection
	GlobalSection(ExtensibilityGlobals) = postSolution
		SolutionGuid = {1E8B24F3-7EF1-4995-8D89-2FE43CD6ADA2}
	EndGlobalSection
EndGlobal
